
Microsoft Visual Studio Solution File, Format Version 12.00
# Visual Studio Version 17
VisualStudioVersion = 17.12.35521.163
MinimumVisualStudioVersion = 10.0.40219.1
Project("{FAE04EC0-301F-11D3-BF4B-00C04F79EFBC}") = "LeamiWebAPI", "LeamiWebAPI\LeamiWebAPI.csproj", "{1FD48E6F-143E-4CC7-9E99-B56B58AA7874}"
EndProject
Project("{FAE04EC0-301F-11D3-BF4B-00C04F79EFBC}") = "Leami.Services", "LeamiServices\Leami.Services.csproj", "{6EF84076-FAA4-4BCF-B106-BC59AA95026D}"
EndProject
Project("{FAE04EC0-301F-11D3-BF4B-00C04F79EFBC}") = "Leami.Model", "Leami.Model\Leami.Model.csproj", "{8437B098-EC5F-4EBB-9B51-902846C7F38F}"
EndProject
Project("{FAE04EC0-301F-11D3-BF4B-00C04F79EFBC}") = "ReservationEmailConsumer", "ReservationEmailConsumer\ReservationEmailConsumer.csproj", "{40BE5F15-2A10-4BBE-98F4-AFC784758A05}"
EndProject
Global
	GlobalSection(SolutionConfigurationPlatforms) = preSolution
		Debug|Any CPU = Debug|Any CPU
		Release|Any CPU = Release|Any CPU
	EndGlobalSection
	GlobalSection(ProjectConfigurationPlatforms) = postSolution
		{1FD48E6F-143E-4CC7-9E99-B56B58AA7874}.Debug|Any CPU.ActiveCfg = Debug|Any CPU
		{1FD48E6F-143E-4CC7-9E99-B56B58AA7874}.Debug|Any CPU.Build.0 = Debug|Any CPU
		{1FD48E6F-143E-4CC7-9E99-B56B58AA7874}.Release|Any CPU.ActiveCfg = Release|Any CPU
		{1FD48E6F-143E-4CC7-9E99-B56B58AA7874}.Release|Any CPU.Build.0 = Release|Any CPU
		{6EF84076-FAA4-4BCF-B106-BC59AA95026D}.Debug|Any CPU.ActiveCfg = Debug|Any CPU
		{6EF84076-FAA4-4BCF-B106-BC59AA95026D}.Debug|Any CPU.Build.0 = Debug|Any CPU
		{6EF84076-FAA4-4BCF-B106-BC59AA95026D}.Release|Any CPU.ActiveCfg = Release|Any CPU
		{6EF84076-FAA4-4BCF-B106-BC59AA95026D}.Release|Any CPU.Build.0 = Release|Any CPU
		{8437B098-EC5F-4EBB-9B51-902846C7F38F}.Debug|Any CPU.ActiveCfg = Debug|Any CPU
		{8437B098-EC5F-4EBB-9B51-902846C7F38F}.Debug|Any CPU.Build.0 = Debug|Any CPU
		{8437B098-EC5F-4EBB-9B51-902846C7F38F}.Release|Any CPU.ActiveCfg = Release|Any CPU
		{8437B098-EC5F-4EBB-9B51-902846C7F38F}.Release|Any CPU.Build.0 = Release|Any CPU
		{40BE5F15-2A10-4BBE-98F4-AFC784758A05}.Debug|Any CPU.ActiveCfg = Debug|Any CPU
		{40BE5F15-2A10-4BBE-98F4-AFC784758A05}.Debug|Any CPU.Build.0 = Debug|Any CPU
		{40BE5F15-2A10-4BBE-98F4-AFC784758A05}.Release|Any CPU.ActiveCfg = Release|Any CPU
		{40BE5F15-2A10-4BBE-98F4-AFC784758A05}.Release|Any CPU.Build.0 = Release|Any CPU
	EndGlobalSection
	GlobalSection(SolutionProperties) = preSolution
		HideSolutionNode = FALSE
	EndGlobalSection
EndGlobal
